
Microsoft Visual Studio Solution File, Format Version 12.00
# Visual Studio 15
VisualStudioVersion = 15.0.27703.2042
MinimumVisualStudioVersion = 10.0.40219.1
Project("{2150E333-8FDC-42A3-9474-1A3956D46DE8}") = "排序", "排序", "{E3478A0D-1C9B-4C41-B91F-32A7DC2125EC}"
EndProject
Project("{2150E333-8FDC-42A3-9474-1A3956D46DE8}") = "图", "图", "{A570738F-F27A-41BF-87D8-3AC5E494F5DC}"
EndProject
Project("{2150E333-8FDC-42A3-9474-1A3956D46DE8}") = "树形结构", "树形结构", "{82375653-7206-4A74-9C87-45D692345596}"
EndProject
Project("{2150E333-8FDC-42A3-9474-1A3956D46DE8}") = "线性结构", "线性结构", "{D0E1A0E7-5AC7-415F-838F-737E1391EF7A}"
EndProject
Project("{FAE04EC0-301F-11D3-BF4B-00C04F79EFBC}") = "冒泡排序01", "冒泡排序01\冒泡排序01.csproj", "{76B1FF7A-C3F8-4B15-8845-A10E95540657}"
EndProject
Project("{FAE04EC0-301F-11D3-BF4B-00C04F79EFBC}") = "内置排序01", "内置排序01\内置排序01.csproj", "{79D0D1EA-05A7-4F6D-A295-FA920D9AA8D4}"
EndProject
Project("{FAE04EC0-301F-11D3-BF4B-00C04F79EFBC}") = "快速排序01", "快速排序01\快速排序01.csproj", "{110CE931-E95D-4850-953B-D997C551B87B}"
EndProject
Project("{2150E333-8FDC-42A3-9474-1A3956D46DE8}") = "交换排序", "交换排序", "{1BC412D2-C348-44F9-919C-B578C3D995B2}"
EndProject
Project("{2150E333-8FDC-42A3-9474-1A3956D46DE8}") = "插入排序", "插入排序", "{01FDF242-CC41-4FC3-95FB-21EA66174949}"
EndProject
Project("{FAE04EC0-301F-11D3-BF4B-00C04F79EFBC}") = "直接插入排序01", "直接插入排序01\直接插入排序01.csproj", "{2E588372-D40F-44DE-9FEC-99C793DE8A98}"
EndProject
Project("{FAE04EC0-301F-11D3-BF4B-00C04F79EFBC}") = "希尔排序01", "希尔排序01\希尔排序01.csproj", "{A1D55783-745C-4320-8FA4-2E3C29D3D8B4}"
EndProject
Project("{FAE04EC0-301F-11D3-BF4B-00C04F79EFBC}") = "直接插入排序02", "直接插入排序02\直接插入排序02.csproj", "{3519DDB0-3FED-48E4-893C-0AEBBEEB0408}"
EndProject
Project("{2150E333-8FDC-42A3-9474-1A3956D46DE8}") = "选择排序", "选择排序", "{DF6A2011-EBDE-48B4-A143-7E342B587FB7}"
EndProject
Project("{FAE04EC0-301F-11D3-BF4B-00C04F79EFBC}") = "直接选择排序01", "直接选择排序01\直接选择排序01.csproj", "{C9EC9515-268D-4FD5-9560-1157D085E846}"
EndProject
Project("{FAE04EC0-301F-11D3-BF4B-00C04F79EFBC}") = "堆排序01", "堆排序01\堆排序01.csproj", "{9EB1199A-27E8-4E7F-8163-5430079007FA}"
EndProject
Global
	GlobalSection(SolutionConfigurationPlatforms) = preSolution
		Debug|Any CPU = Debug|Any CPU
		Release|Any CPU = Release|Any CPU
	EndGlobalSection
	GlobalSection(ProjectConfigurationPlatforms) = postSolution
		{76B1FF7A-C3F8-4B15-8845-A10E95540657}.Debug|Any CPU.ActiveCfg = Debug|Any CPU
		{76B1FF7A-C3F8-4B15-8845-A10E95540657}.Debug|Any CPU.Build.0 = Debug|Any CPU
		{76B1FF7A-C3F8-4B15-8845-A10E95540657}.Release|Any CPU.ActiveCfg = Release|Any CPU
		{76B1FF7A-C3F8-4B15-8845-A10E95540657}.Release|Any CPU.Build.0 = Release|Any CPU
		{79D0D1EA-05A7-4F6D-A295-FA920D9AA8D4}.Debug|Any CPU.ActiveCfg = Debug|Any CPU
		{79D0D1EA-05A7-4F6D-A295-FA920D9AA8D4}.Debug|Any CPU.Build.0 = Debug|Any CPU
		{79D0D1EA-05A7-4F6D-A295-FA920D9AA8D4}.Release|Any CPU.ActiveCfg = Release|Any CPU
		{79D0D1EA-05A7-4F6D-A295-FA920D9AA8D4}.Release|Any CPU.Build.0 = Release|Any CPU
		{110CE931-E95D-4850-953B-D997C551B87B}.Debug|Any CPU.ActiveCfg = Debug|Any CPU
		{110CE931-E95D-4850-953B-D997C551B87B}.Debug|Any CPU.Build.0 = Debug|Any CPU
		{110CE931-E95D-4850-953B-D997C551B87B}.Release|Any CPU.ActiveCfg = Release|Any CPU
		{110CE931-E95D-4850-953B-D997C551B87B}.Release|Any CPU.Build.0 = Release|Any CPU
		{2E588372-D40F-44DE-9FEC-99C793DE8A98}.Debug|Any CPU.ActiveCfg = Debug|Any CPU
		{2E588372-D40F-44DE-9FEC-99C793DE8A98}.Debug|Any CPU.Build.0 = Debug|Any CPU
		{2E588372-D40F-44DE-9FEC-99C793DE8A98}.Release|Any CPU.ActiveCfg = Release|Any CPU
		{2E588372-D40F-44DE-9FEC-99C793DE8A98}.Release|Any CPU.Build.0 = Release|Any CPU
		{A1D55783-745C-4320-8FA4-2E3C29D3D8B4}.Debug|Any CPU.ActiveCfg = Debug|Any CPU
		{A1D55783-745C-4320-8FA4-2E3C29D3D8B4}.Debug|Any CPU.Build.0 = Debug|Any CPU
		{A1D55783-745C-4320-8FA4-2E3C29D3D8B4}.Release|Any CPU.ActiveCfg = Release|Any CPU
		{A1D55783-745C-4320-8FA4-2E3C29D3D8B4}.Release|Any CPU.Build.0 = Release|Any CPU
		{3519DDB0-3FED-48E4-893C-0AEBBEEB0408}.Debug|Any CPU.ActiveCfg = Debug|Any CPU
		{3519DDB0-3FED-48E4-893C-0AEBBEEB0408}.Debug|Any CPU.Build.0 = Debug|Any CPU
		{3519DDB0-3FED-48E4-893C-0AEBBEEB0408}.Release|Any CPU.ActiveCfg = Release|Any CPU
		{3519DDB0-3FED-48E4-893C-0AEBBEEB0408}.Release|Any CPU.Build.0 = Release|Any CPU
		{C9EC9515-268D-4FD5-9560-1157D085E846}.Debug|Any CPU.ActiveCfg = Debug|Any CPU
		{C9EC9515-268D-4FD5-9560-1157D085E846}.Debug|Any CPU.Build.0 = Debug|Any CPU
		{C9EC9515-268D-4FD5-9560-1157D085E846}.Release|Any CPU.ActiveCfg = Release|Any CPU
		{C9EC9515-268D-4FD5-9560-1157D085E846}.Release|Any CPU.Build.0 = Release|Any CPU
		{9EB1199A-27E8-4E7F-8163-5430079007FA}.Debug|Any CPU.ActiveCfg = Debug|Any CPU
		{9EB1199A-27E8-4E7F-8163-5430079007FA}.Debug|Any CPU.Build.0 = Debug|Any CPU
		{9EB1199A-27E8-4E7F-8163-5430079007FA}.Release|Any CPU.ActiveCfg = Release|Any CPU
		{9EB1199A-27E8-4E7F-8163-5430079007FA}.Release|Any CPU.Build.0 = Release|Any CPU
	EndGlobalSection
	GlobalSection(SolutionProperties) = preSolution
		HideSolutionNode = FALSE
	EndGlobalSection
	GlobalSection(NestedProjects) = preSolution
		{76B1FF7A-C3F8-4B15-8845-A10E95540657} = {1BC412D2-C348-44F9-919C-B578C3D995B2}
		{79D0D1EA-05A7-4F6D-A295-FA920D9AA8D4} = {E3478A0D-1C9B-4C41-B91F-32A7DC2125EC}
		{110CE931-E95D-4850-953B-D997C551B87B} = {1BC412D2-C348-44F9-919C-B578C3D995B2}
		{1BC412D2-C348-44F9-919C-B578C3D995B2} = {E3478A0D-1C9B-4C41-B91F-32A7DC2125EC}
		{01FDF242-CC41-4FC3-95FB-21EA66174949} = {E3478A0D-1C9B-4C41-B91F-32A7DC2125EC}
		{2E588372-D40F-44DE-9FEC-99C793DE8A98} = {01FDF242-CC41-4FC3-95FB-21EA66174949}
		{A1D55783-745C-4320-8FA4-2E3C29D3D8B4} = {01FDF242-CC41-4FC3-95FB-21EA66174949}
		{3519DDB0-3FED-48E4-893C-0AEBBEEB0408} = {01FDF242-CC41-4FC3-95FB-21EA66174949}
		{DF6A2011-EBDE-48B4-A143-7E342B587FB7} = {E3478A0D-1C9B-4C41-B91F-32A7DC2125EC}
		{C9EC9515-268D-4FD5-9560-1157D085E846} = {DF6A2011-EBDE-48B4-A143-7E342B587FB7}
		{9EB1199A-27E8-4E7F-8163-5430079007FA} = {DF6A2011-EBDE-48B4-A143-7E342B587FB7}
	EndGlobalSection
	GlobalSection(ExtensibilityGlobals) = postSolution
		SolutionGuid = {F0DBBA82-CD8A-4663-BFD3-B93CA5D9F1BA}
	EndGlobalSection
EndGlobal
