
Microsoft Visual Studio Solution File, Format Version 12.00
# Visual Studio 15
VisualStudioVersion = 15.0.27703.2042
MinimumVisualStudioVersion = 10.0.40219.1
Project("{2150E333-8FDC-42A3-9474-1A3956D46DE8}") = "排序", "排序", "{E3478A0D-1C9B-4C41-B91F-32A7DC2125EC}"
EndProject
Project("{2150E333-8FDC-42A3-9474-1A3956D46DE8}") = "图", "图", "{A570738F-F27A-41BF-87D8-3AC5E494F5DC}"
EndProject
Project("{2150E333-8FDC-42A3-9474-1A3956D46DE8}") = "树形结构", "树形结构", "{82375653-7206-4A74-9C87-45D692345596}"
EndProject
Project("{2150E333-8FDC-42A3-9474-1A3956D46DE8}") = "线性结构", "线性结构", "{D0E1A0E7-5AC7-415F-838F-737E1391EF7A}"
EndProject
Project("{FAE04EC0-301F-11D3-BF4B-00C04F79EFBC}") = "冒泡排序01", "冒泡排序01\冒泡排序01.csproj", "{76B1FF7A-C3F8-4B15-8845-A10E95540657}"
EndProject
Project("{FAE04EC0-301F-11D3-BF4B-00C04F79EFBC}") = "内置排序01", "内置排序01\内置排序01.csproj", "{79D0D1EA-05A7-4F6D-A295-FA920D9AA8D4}"
EndProject
Project("{FAE04EC0-301F-11D3-BF4B-00C04F79EFBC}") = "快速排序01", "快速排序01\快速排序01.csproj", "{110CE931-E95D-4850-953B-D997C551B87B}"
EndProject
Project("{2150E333-8FDC-42A3-9474-1A3956D46DE8}") = "交换排序", "交换排序", "{1BC412D2-C348-44F9-919C-B578C3D995B2}"
EndProject
Project("{2150E333-8FDC-42A3-9474-1A3956D46DE8}") = "插入排序", "插入排序", "{3CAD5E03-AC96-439B-A9FA-58978A21C16B}"
EndProject
Project("{FAE04EC0-301F-11D3-BF4B-00C04F79EFBC}") = "直接插入排序01", "直接插入排序01\直接插入排序01.csproj", "{2E588372-D40F-44DE-9FEC-99C793DE8A98}"
EndProject
Global
	GlobalSection(SolutionConfigurationPlatforms) = preSolution
		Debug|Any CPU = Debug|Any CPU
		Release|Any CPU = Release|Any CPU
	EndGlobalSection
	GlobalSection(ProjectConfigurationPlatforms) = postSolution
		{76B1FF7A-C3F8-4B15-8845-A10E95540657}.Debug|Any CPU.ActiveCfg = Debug|Any CPU
		{76B1FF7A-C3F8-4B15-8845-A10E95540657}.Debug|Any CPU.Build.0 = Debug|Any CPU
		{76B1FF7A-C3F8-4B15-8845-A10E95540657}.Release|Any CPU.ActiveCfg = Release|Any CPU
		{76B1FF7A-C3F8-4B15-8845-A10E95540657}.Release|Any CPU.Build.0 = Release|Any CPU
		{79D0D1EA-05A7-4F6D-A295-FA920D9AA8D4}.Debug|Any CPU.ActiveCfg = Debug|Any CPU
		{79D0D1EA-05A7-4F6D-A295-FA920D9AA8D4}.Debug|Any CPU.Build.0 = Debug|Any CPU
		{79D0D1EA-05A7-4F6D-A295-FA920D9AA8D4}.Release|Any CPU.ActiveCfg = Release|Any CPU
		{79D0D1EA-05A7-4F6D-A295-FA920D9AA8D4}.Release|Any CPU.Build.0 = Release|Any CPU
		{110CE931-E95D-4850-953B-D997C551B87B}.Debug|Any CPU.ActiveCfg = Debug|Any CPU
		{110CE931-E95D-4850-953B-D997C551B87B}.Debug|Any CPU.Build.0 = Debug|Any CPU
		{110CE931-E95D-4850-953B-D997C551B87B}.Release|Any CPU.ActiveCfg = Release|Any CPU
		{110CE931-E95D-4850-953B-D997C551B87B}.Release|Any CPU.Build.0 = Release|Any CPU
		{2E588372-D40F-44DE-9FEC-99C793DE8A98}.Debug|Any CPU.ActiveCfg = Debug|Any CPU
		{2E588372-D40F-44DE-9FEC-99C793DE8A98}.Debug|Any CPU.Build.0 = Debug|Any CPU
		{2E588372-D40F-44DE-9FEC-99C793DE8A98}.Release|Any CPU.ActiveCfg = Release|Any CPU
		{2E588372-D40F-44DE-9FEC-99C793DE8A98}.Release|Any CPU.Build.0 = Release|Any CPU
	EndGlobalSection
	GlobalSection(SolutionProperties) = preSolution
		HideSolutionNode = FALSE
	EndGlobalSection
	GlobalSection(NestedProjects) = preSolution
		{76B1FF7A-C3F8-4B15-8845-A10E95540657} = {1BC412D2-C348-44F9-919C-B578C3D995B2}
		{79D0D1EA-05A7-4F6D-A295-FA920D9AA8D4} = {E3478A0D-1C9B-4C41-B91F-32A7DC2125EC}
		{110CE931-E95D-4850-953B-D997C551B87B} = {1BC412D2-C348-44F9-919C-B578C3D995B2}
		{1BC412D2-C348-44F9-919C-B578C3D995B2} = {E3478A0D-1C9B-4C41-B91F-32A7DC2125EC}
		{3CAD5E03-AC96-439B-A9FA-58978A21C16B} = {E3478A0D-1C9B-4C41-B91F-32A7DC2125EC}
		{2E588372-D40F-44DE-9FEC-99C793DE8A98} = {3CAD5E03-AC96-439B-A9FA-58978A21C16B}
	EndGlobalSection
	GlobalSection(ExtensibilityGlobals) = postSolution
		SolutionGuid = {F0DBBA82-CD8A-4663-BFD3-B93CA5D9F1BA}
	EndGlobalSection
EndGlobal
